
Microsoft Visual Studio Solution File, Format Version 12.00
# Visual Studio Version 17
VisualStudioVersion = 17.12.35707.178
MinimumVisualStudioVersion = 10.0.40219.1
Project("{FAE04EC0-301F-11D3-BF4B-00C04F79EFBC}") = "Task2_1", "Task2_1\Task2_1.csproj", "{954F0106-9EC2-47D3-9118-F166C6435CB8}"
EndProject
Project("{FAE04EC0-301F-11D3-BF4B-00C04F79EFBC}") = "Task2_2", "Task2_2\Task2_2.csproj", "{9AFB2D3A-B158-4932-B049-DAA0B79EBB9E}"
EndProject
Project("{FAE04EC0-301F-11D3-BF4B-00C04F79EFBC}") = "Task2_3", "Task2_3\Task2_3.csproj", "{429D90AF-FCB2-4FDE-B2D1-FCCD777F5C56}"
EndProject
Project("{FAE04EC0-301F-11D3-BF4B-00C04F79EFBC}") = "Task2_4", "Task2_4\Task2_4.csproj", "{99D3E9B6-0E9E-42C4-B6C0-8BFAA31B1536}"
EndProject
Project("{FAE04EC0-301F-11D3-BF4B-00C04F79EFBC}") = "Task2_5", "Task2_5\Task2_5.csproj", "{14DAA39C-3A0C-4D34-91B6-62954F21E713}"
EndProject
Project("{FAE04EC0-301F-11D3-BF4B-00C04F79EFBC}") = "Task2_6", "Task2_6\Task2_6.csproj", "{719502DF-73CF-41BB-A0CE-9D0CEAE5D30A}"
EndProject
Project("{FAE04EC0-301F-11D3-BF4B-00C04F79EFBC}") = "Task2_7", "Task2_7\Task2_7.csproj", "{6939CD11-9658-4179-98C3-53EDA85D5408}"
EndProject
Project("{FAE04EC0-301F-11D3-BF4B-00C04F79EFBC}") = "Task3_1", "Task3_1\Task3_1.csproj", "{07EE0859-F170-490E-89C3-31EB2EE8EC27}"
EndProject
Project("{FAE04EC0-301F-11D3-BF4B-00C04F79EFBC}") = "Task3_2", "Task3_2\Task3_2.csproj", "{BF134A47-AD32-4717-9A03-1C63DC30EE4B}"
EndProject
Project("{FAE04EC0-301F-11D3-BF4B-00C04F79EFBC}") = "Task3_3", "Task3_3\Task3_3.csproj", "{BC07C9FC-BFB8-4AB2-9C54-586920E93687}"
EndProject
Project("{FAE04EC0-301F-11D3-BF4B-00C04F79EFBC}") = "Task3_4", "Task3_4\Task3_4.csproj", "{1A3B4566-7A6E-4E4A-AE90-31F6C7CE6B2E}"
EndProject
Project("{FAE04EC0-301F-11D3-BF4B-00C04F79EFBC}") = "Task3_5", "Task3_5\Task3_5.csproj", "{785FACDB-BC2F-4EE2-984F-AD25B5D3E98D}"
EndProject
Project("{FAE04EC0-301F-11D3-BF4B-00C04F79EFBC}") = "Task3_6", "Task3_6\Task3_6.csproj", "{1CBD4170-0935-4C5C-824A-74E85D61AC07}"
EndProject
Project("{FAE04EC0-301F-11D3-BF4B-00C04F79EFBC}") = "Task3_7", "Task3_7\Task3_7.csproj", "{09A124DA-D3B8-4E12-808E-11DA692CC11B}"
EndProject
Project("{FAE04EC0-301F-11D3-BF4B-00C04F79EFBC}") = "Task3_8", "Task3_8\Task3_8.csproj", "{1ABC244C-D809-4A5E-ACAD-68CCC8A1C1DE}"
EndProject
Project("{FAE04EC0-301F-11D3-BF4B-00C04F79EFBC}") = "Task3_9", "Task3_9\Task3_9.csproj", "{0A50B5B6-3E64-46FA-AB1B-CC856894BF4C}"
EndProject
Project("{FAE04EC0-301F-11D3-BF4B-00C04F79EFBC}") = "Task3_10", "Task3_10\Task3_10.csproj", "{39202C68-EAA8-4506-A960-0C04D9C4626E}"
EndProject
Project("{FAE04EC0-301F-11D3-BF4B-00C04F79EFBC}") = "Task3_11", "Task3_11\Task3_11.csproj", "{CBA51644-6137-4B27-8633-AD4A424E6E92}"
EndProject
Project("{FAE04EC0-301F-11D3-BF4B-00C04F79EFBC}") = "Task3_12", "Task3_12\Task3_12.csproj", "{EA5F4CDF-6CCC-418D-9571-CB8ED4244972}"
EndProject
Project("{FAE04EC0-301F-11D3-BF4B-00C04F79EFBC}") = "Task4_1", "Task4_1\Task4_1.csproj", "{A2889840-366C-47C0-8D91-333F32C6FC71}"
EndProject
Project("{FAE04EC0-301F-11D3-BF4B-00C04F79EFBC}") = "Task4_2", "Task4_2\Task4_2.csproj", "{D6ACDE0D-33DF-44C5-93AB-4DBB4A966D4C}"
EndProject
Project("{FAE04EC0-301F-11D3-BF4B-00C04F79EFBC}") = "Task4_3_4", "Task4_3_4\Task4_3_4.csproj", "{53CC39BB-B7F1-458B-B318-1D78EAC20F9D}"
EndProject
Project("{FAE04EC0-301F-11D3-BF4B-00C04F79EFBC}") = "Task4_5", "Task4_5\Task4_5.csproj", "{7C609841-6968-4635-90EB-959CA7B49B6B}"
EndProject
Project("{FAE04EC0-301F-11D3-BF4B-00C04F79EFBC}") = "Task4_6", "Task4_6\Task4_6.csproj", "{49FE7662-546B-411F-91AD-402A13560079}"
EndProject
Project("{FAE04EC0-301F-11D3-BF4B-00C04F79EFBC}") = "Task4_7", "Task4_7\Task4_7.csproj", "{46B2FBBB-A6C3-49F3-BEF5-9BAFE84B141A}"
EndProject
Project("{FAE04EC0-301F-11D3-BF4B-00C04F79EFBC}") = "Task4_8", "Task4_8\Task4_8.csproj", "{65C447A1-C7B8-4337-ACA4-120723071142}"
EndProject
Project("{FAE04EC0-301F-11D3-BF4B-00C04F79EFBC}") = "Task5_1", "Task5_1\Task5_1.csproj", "{68CDC25C-B27F-47F6-8B2C-2ABAA1A1AA4C}"
EndProject
Project("{FAE04EC0-301F-11D3-BF4B-00C04F79EFBC}") = "Task5_2", "Task5_2\Task5_2.csproj", "{E0B5B29B-52AC-4FB4-9A3B-32B6DFC16BC2}"
EndProject
Project("{FAE04EC0-301F-11D3-BF4B-00C04F79EFBC}") = "Task5_3", "Task5_3\Task5_3.csproj", "{29B7DDC3-893B-4272-A255-5B29E74731E8}"
EndProject
Project("{FAE04EC0-301F-11D3-BF4B-00C04F79EFBC}") = "Task5_4", "Task5_4\Task5_4.csproj", "{1A0D8720-1A33-46CF-8575-22E7539C1874}"
EndProject
Global
	GlobalSection(SolutionConfigurationPlatforms) = preSolution
		Debug|Any CPU = Debug|Any CPU
		Release|Any CPU = Release|Any CPU
	EndGlobalSection
	GlobalSection(ProjectConfigurationPlatforms) = postSolution
		{954F0106-9EC2-47D3-9118-F166C6435CB8}.Debug|Any CPU.ActiveCfg = Debug|Any CPU
		{954F0106-9EC2-47D3-9118-F166C6435CB8}.Debug|Any CPU.Build.0 = Debug|Any CPU
		{954F0106-9EC2-47D3-9118-F166C6435CB8}.Release|Any CPU.ActiveCfg = Release|Any CPU
		{954F0106-9EC2-47D3-9118-F166C6435CB8}.Release|Any CPU.Build.0 = Release|Any CPU
		{9AFB2D3A-B158-4932-B049-DAA0B79EBB9E}.Debug|Any CPU.ActiveCfg = Debug|Any CPU
		{9AFB2D3A-B158-4932-B049-DAA0B79EBB9E}.Debug|Any CPU.Build.0 = Debug|Any CPU
		{9AFB2D3A-B158-4932-B049-DAA0B79EBB9E}.Release|Any CPU.ActiveCfg = Release|Any CPU
		{9AFB2D3A-B158-4932-B049-DAA0B79EBB9E}.Release|Any CPU.Build.0 = Release|Any CPU
		{429D90AF-FCB2-4FDE-B2D1-FCCD777F5C56}.Debug|Any CPU.ActiveCfg = Debug|Any CPU
		{429D90AF-FCB2-4FDE-B2D1-FCCD777F5C56}.Debug|Any CPU.Build.0 = Debug|Any CPU
		{429D90AF-FCB2-4FDE-B2D1-FCCD777F5C56}.Release|Any CPU.ActiveCfg = Release|Any CPU
		{429D90AF-FCB2-4FDE-B2D1-FCCD777F5C56}.Release|Any CPU.Build.0 = Release|Any CPU
		{99D3E9B6-0E9E-42C4-B6C0-8BFAA31B1536}.Debug|Any CPU.ActiveCfg = Debug|Any CPU
		{99D3E9B6-0E9E-42C4-B6C0-8BFAA31B1536}.Debug|Any CPU.Build.0 = Debug|Any CPU
		{99D3E9B6-0E9E-42C4-B6C0-8BFAA31B1536}.Release|Any CPU.ActiveCfg = Release|Any CPU
		{99D3E9B6-0E9E-42C4-B6C0-8BFAA31B1536}.Release|Any CPU.Build.0 = Release|Any CPU
		{14DAA39C-3A0C-4D34-91B6-62954F21E713}.Debug|Any CPU.ActiveCfg = Debug|Any CPU
		{14DAA39C-3A0C-4D34-91B6-62954F21E713}.Debug|Any CPU.Build.0 = Debug|Any CPU
		{14DAA39C-3A0C-4D34-91B6-62954F21E713}.Release|Any CPU.ActiveCfg = Release|Any CPU
		{14DAA39C-3A0C-4D34-91B6-62954F21E713}.Release|Any CPU.Build.0 = Release|Any CPU
		{719502DF-73CF-41BB-A0CE-9D0CEAE5D30A}.Debug|Any CPU.ActiveCfg = Debug|Any CPU
		{719502DF-73CF-41BB-A0CE-9D0CEAE5D30A}.Debug|Any CPU.Build.0 = Debug|Any CPU
		{719502DF-73CF-41BB-A0CE-9D0CEAE5D30A}.Release|Any CPU.ActiveCfg = Release|Any CPU
		{719502DF-73CF-41BB-A0CE-9D0CEAE5D30A}.Release|Any CPU.Build.0 = Release|Any CPU
		{6939CD11-9658-4179-98C3-53EDA85D5408}.Debug|Any CPU.ActiveCfg = Debug|Any CPU
		{6939CD11-9658-4179-98C3-53EDA85D5408}.Debug|Any CPU.Build.0 = Debug|Any CPU
		{6939CD11-9658-4179-98C3-53EDA85D5408}.Release|Any CPU.ActiveCfg = Release|Any CPU
		{6939CD11-9658-4179-98C3-53EDA85D5408}.Release|Any CPU.Build.0 = Release|Any CPU
		{07EE0859-F170-490E-89C3-31EB2EE8EC27}.Debug|Any CPU.ActiveCfg = Debug|Any CPU
		{07EE0859-F170-490E-89C3-31EB2EE8EC27}.Debug|Any CPU.Build.0 = Debug|Any CPU
		{07EE0859-F170-490E-89C3-31EB2EE8EC27}.Release|Any CPU.ActiveCfg = Release|Any CPU
		{07EE0859-F170-490E-89C3-31EB2EE8EC27}.Release|Any CPU.Build.0 = Release|Any CPU
		{BF134A47-AD32-4717-9A03-1C63DC30EE4B}.Debug|Any CPU.ActiveCfg = Debug|Any CPU
		{BF134A47-AD32-4717-9A03-1C63DC30EE4B}.Debug|Any CPU.Build.0 = Debug|Any CPU
		{BF134A47-AD32-4717-9A03-1C63DC30EE4B}.Release|Any CPU.ActiveCfg = Release|Any CPU
		{BF134A47-AD32-4717-9A03-1C63DC30EE4B}.Release|Any CPU.Build.0 = Release|Any CPU
		{BC07C9FC-BFB8-4AB2-9C54-586920E93687}.Debug|Any CPU.ActiveCfg = Debug|Any CPU
		{BC07C9FC-BFB8-4AB2-9C54-586920E93687}.Debug|Any CPU.Build.0 = Debug|Any CPU
		{BC07C9FC-BFB8-4AB2-9C54-586920E93687}.Release|Any CPU.ActiveCfg = Release|Any CPU
		{BC07C9FC-BFB8-4AB2-9C54-586920E93687}.Release|Any CPU.Build.0 = Release|Any CPU
		{1A3B4566-7A6E-4E4A-AE90-31F6C7CE6B2E}.Debug|Any CPU.ActiveCfg = Debug|Any CPU
		{1A3B4566-7A6E-4E4A-AE90-31F6C7CE6B2E}.Debug|Any CPU.Build.0 = Debug|Any CPU
		{1A3B4566-7A6E-4E4A-AE90-31F6C7CE6B2E}.Release|Any CPU.ActiveCfg = Release|Any CPU
		{1A3B4566-7A6E-4E4A-AE90-31F6C7CE6B2E}.Release|Any CPU.Build.0 = Release|Any CPU
		{785FACDB-BC2F-4EE2-984F-AD25B5D3E98D}.Debug|Any CPU.ActiveCfg = Debug|Any CPU
		{785FACDB-BC2F-4EE2-984F-AD25B5D3E98D}.Debug|Any CPU.Build.0 = Debug|Any CPU
		{785FACDB-BC2F-4EE2-984F-AD25B5D3E98D}.Release|Any CPU.ActiveCfg = Release|Any CPU
		{785FACDB-BC2F-4EE2-984F-AD25B5D3E98D}.Release|Any CPU.Build.0 = Release|Any CPU
		{1CBD4170-0935-4C5C-824A-74E85D61AC07}.Debug|Any CPU.ActiveCfg = Debug|Any CPU
		{1CBD4170-0935-4C5C-824A-74E85D61AC07}.Debug|Any CPU.Build.0 = Debug|Any CPU
		{1CBD4170-0935-4C5C-824A-74E85D61AC07}.Release|Any CPU.ActiveCfg = Release|Any CPU
		{1CBD4170-0935-4C5C-824A-74E85D61AC07}.Release|Any CPU.Build.0 = Release|Any CPU
		{09A124DA-D3B8-4E12-808E-11DA692CC11B}.Debug|Any CPU.ActiveCfg = Debug|Any CPU
		{09A124DA-D3B8-4E12-808E-11DA692CC11B}.Debug|Any CPU.Build.0 = Debug|Any CPU
		{09A124DA-D3B8-4E12-808E-11DA692CC11B}.Release|Any CPU.ActiveCfg = Release|Any CPU
		{09A124DA-D3B8-4E12-808E-11DA692CC11B}.Release|Any CPU.Build.0 = Release|Any CPU
		{1ABC244C-D809-4A5E-ACAD-68CCC8A1C1DE}.Debug|Any CPU.ActiveCfg = Debug|Any CPU
		{1ABC244C-D809-4A5E-ACAD-68CCC8A1C1DE}.Debug|Any CPU.Build.0 = Debug|Any CPU
		{1ABC244C-D809-4A5E-ACAD-68CCC8A1C1DE}.Release|Any CPU.ActiveCfg = Release|Any CPU
		{1ABC244C-D809-4A5E-ACAD-68CCC8A1C1DE}.Release|Any CPU.Build.0 = Release|Any CPU
		{0A50B5B6-3E64-46FA-AB1B-CC856894BF4C}.Debug|Any CPU.ActiveCfg = Debug|Any CPU
		{0A50B5B6-3E64-46FA-AB1B-CC856894BF4C}.Debug|Any CPU.Build.0 = Debug|Any CPU
		{0A50B5B6-3E64-46FA-AB1B-CC856894BF4C}.Release|Any CPU.ActiveCfg = Release|Any CPU
		{0A50B5B6-3E64-46FA-AB1B-CC856894BF4C}.Release|Any CPU.Build.0 = Release|Any CPU
		{39202C68-EAA8-4506-A960-0C04D9C4626E}.Debug|Any CPU.ActiveCfg = Debug|Any CPU
		{39202C68-EAA8-4506-A960-0C04D9C4626E}.Debug|Any CPU.Build.0 = Debug|Any CPU
		{39202C68-EAA8-4506-A960-0C04D9C4626E}.Release|Any CPU.ActiveCfg = Release|Any CPU
		{39202C68-EAA8-4506-A960-0C04D9C4626E}.Release|Any CPU.Build.0 = Release|Any CPU
		{CBA51644-6137-4B27-8633-AD4A424E6E92}.Debug|Any CPU.ActiveCfg = Debug|Any CPU
		{CBA51644-6137-4B27-8633-AD4A424E6E92}.Debug|Any CPU.Build.0 = Debug|Any CPU
		{CBA51644-6137-4B27-8633-AD4A424E6E92}.Release|Any CPU.ActiveCfg = Release|Any CPU
		{CBA51644-6137-4B27-8633-AD4A424E6E92}.Release|Any CPU.Build.0 = Release|Any CPU
		{EA5F4CDF-6CCC-418D-9571-CB8ED4244972}.Debug|Any CPU.ActiveCfg = Debug|Any CPU
		{EA5F4CDF-6CCC-418D-9571-CB8ED4244972}.Debug|Any CPU.Build.0 = Debug|Any CPU
		{EA5F4CDF-6CCC-418D-9571-CB8ED4244972}.Release|Any CPU.ActiveCfg = Release|Any CPU
		{EA5F4CDF-6CCC-418D-9571-CB8ED4244972}.Release|Any CPU.Build.0 = Release|Any CPU
		{A2889840-366C-47C0-8D91-333F32C6FC71}.Debug|Any CPU.ActiveCfg = Debug|Any CPU
		{A2889840-366C-47C0-8D91-333F32C6FC71}.Debug|Any CPU.Build.0 = Debug|Any CPU
		{A2889840-366C-47C0-8D91-333F32C6FC71}.Release|Any CPU.ActiveCfg = Release|Any CPU
		{A2889840-366C-47C0-8D91-333F32C6FC71}.Release|Any CPU.Build.0 = Release|Any CPU
		{D6ACDE0D-33DF-44C5-93AB-4DBB4A966D4C}.Debug|Any CPU.ActiveCfg = Debug|Any CPU
		{D6ACDE0D-33DF-44C5-93AB-4DBB4A966D4C}.Debug|Any CPU.Build.0 = Debug|Any CPU
		{D6ACDE0D-33DF-44C5-93AB-4DBB4A966D4C}.Release|Any CPU.ActiveCfg = Release|Any CPU
		{D6ACDE0D-33DF-44C5-93AB-4DBB4A966D4C}.Release|Any CPU.Build.0 = Release|Any CPU
		{53CC39BB-B7F1-458B-B318-1D78EAC20F9D}.Debug|Any CPU.ActiveCfg = Debug|Any CPU
		{53CC39BB-B7F1-458B-B318-1D78EAC20F9D}.Debug|Any CPU.Build.0 = Debug|Any CPU
		{53CC39BB-B7F1-458B-B318-1D78EAC20F9D}.Release|Any CPU.ActiveCfg = Release|Any CPU
		{53CC39BB-B7F1-458B-B318-1D78EAC20F9D}.Release|Any CPU.Build.0 = Release|Any CPU
		{7C609841-6968-4635-90EB-959CA7B49B6B}.Debug|Any CPU.ActiveCfg = Debug|Any CPU
		{7C609841-6968-4635-90EB-959CA7B49B6B}.Debug|Any CPU.Build.0 = Debug|Any CPU
		{7C609841-6968-4635-90EB-959CA7B49B6B}.Release|Any CPU.ActiveCfg = Release|Any CPU
		{7C609841-6968-4635-90EB-959CA7B49B6B}.Release|Any CPU.Build.0 = Release|Any CPU
		{49FE7662-546B-411F-91AD-402A13560079}.Debug|Any CPU.ActiveCfg = Debug|Any CPU
		{49FE7662-546B-411F-91AD-402A13560079}.Debug|Any CPU.Build.0 = Debug|Any CPU
		{49FE7662-546B-411F-91AD-402A13560079}.Release|Any CPU.ActiveCfg = Release|Any CPU
		{49FE7662-546B-411F-91AD-402A13560079}.Release|Any CPU.Build.0 = Release|Any CPU
		{46B2FBBB-A6C3-49F3-BEF5-9BAFE84B141A}.Debug|Any CPU.ActiveCfg = Debug|Any CPU
		{46B2FBBB-A6C3-49F3-BEF5-9BAFE84B141A}.Debug|Any CPU.Build.0 = Debug|Any CPU
		{46B2FBBB-A6C3-49F3-BEF5-9BAFE84B141A}.Release|Any CPU.ActiveCfg = Release|Any CPU
		{46B2FBBB-A6C3-49F3-BEF5-9BAFE84B141A}.Release|Any CPU.Build.0 = Release|Any CPU
		{65C447A1-C7B8-4337-ACA4-120723071142}.Debug|Any CPU.ActiveCfg = Debug|Any CPU
		{65C447A1-C7B8-4337-ACA4-120723071142}.Debug|Any CPU.Build.0 = Debug|Any CPU
		{65C447A1-C7B8-4337-ACA4-120723071142}.Release|Any CPU.ActiveCfg = Release|Any CPU
		{65C447A1-C7B8-4337-ACA4-120723071142}.Release|Any CPU.Build.0 = Release|Any CPU
		{68CDC25C-B27F-47F6-8B2C-2ABAA1A1AA4C}.Debug|Any CPU.ActiveCfg = Debug|Any CPU
		{68CDC25C-B27F-47F6-8B2C-2ABAA1A1AA4C}.Debug|Any CPU.Build.0 = Debug|Any CPU
		{68CDC25C-B27F-47F6-8B2C-2ABAA1A1AA4C}.Release|Any CPU.ActiveCfg = Release|Any CPU
		{68CDC25C-B27F-47F6-8B2C-2ABAA1A1AA4C}.Release|Any CPU.Build.0 = Release|Any CPU
		{E0B5B29B-52AC-4FB4-9A3B-32B6DFC16BC2}.Debug|Any CPU.ActiveCfg = Debug|Any CPU
		{E0B5B29B-52AC-4FB4-9A3B-32B6DFC16BC2}.Debug|Any CPU.Build.0 = Debug|Any CPU
		{E0B5B29B-52AC-4FB4-9A3B-32B6DFC16BC2}.Release|Any CPU.ActiveCfg = Release|Any CPU
		{E0B5B29B-52AC-4FB4-9A3B-32B6DFC16BC2}.Release|Any CPU.Build.0 = Release|Any CPU
		{29B7DDC3-893B-4272-A255-5B29E74731E8}.Debug|Any CPU.ActiveCfg = Debug|Any CPU
		{29B7DDC3-893B-4272-A255-5B29E74731E8}.Debug|Any CPU.Build.0 = Debug|Any CPU
		{29B7DDC3-893B-4272-A255-5B29E74731E8}.Release|Any CPU.ActiveCfg = Release|Any CPU
		{29B7DDC3-893B-4272-A255-5B29E74731E8}.Release|Any CPU.Build.0 = Release|Any CPU
		{1A0D8720-1A33-46CF-8575-22E7539C1874}.Debug|Any CPU.ActiveCfg = Debug|Any CPU
		{1A0D8720-1A33-46CF-8575-22E7539C1874}.Debug|Any CPU.Build.0 = Debug|Any CPU
		{1A0D8720-1A33-46CF-8575-22E7539C1874}.Release|Any CPU.ActiveCfg = Release|Any CPU
		{1A0D8720-1A33-46CF-8575-22E7539C1874}.Release|Any CPU.Build.0 = Release|Any CPU
	EndGlobalSection
	GlobalSection(SolutionProperties) = preSolution
		HideSolutionNode = FALSE
	EndGlobalSection
EndGlobal
